
Microsoft Visual Studio Solution File, Format Version 12.00
# Visual Studio 15
VisualStudioVersion = 15.0.27004.2002
MinimumVisualStudioVersion = 10.0.40219.1
Project("{8BC9CEB8-8B4A-11D0-8D11-00A0C91BC942}") = "CranberriesLibrary", "CranberriesLibrary\CranberriesLibrary.vcxproj", "{843AE6D2-010E-4923-9309-FBF36B33E3D1}"
EndProject
Project("{8BC9CEB8-8B4A-11D0-8D11-00A0C91BC942}") = "UnitTestforInterval", "IntervalTest\IntervalTest.vcxproj", "{8426B4A8-4991-4617-920D-26962004EC03}"
EndProject
Project("{8BC9CEB8-8B4A-11D0-8D11-00A0C91BC942}") = "UnitTestforStream", "StreamTest\StreamTest.vcxproj", "{A0237745-91FE-4A88-8998-77F719C256ED}"
EndProject
Project("{8BC9CEB8-8B4A-11D0-8D11-00A0C91BC942}") = "UnitTestforDualNumber", "DualNumberTest\DualNumberTest.vcxproj", "{E8748E8E-D96C-455A-BB74-9DFF9A727F76}"
EndProject
Project("{8BC9CEB8-8B4A-11D0-8D11-00A0C91BC942}") = "UnitTestforCommonLib", "CommonLibTest\CommonLibTest.vcxproj", "{DF3895BC-743D-45BF-B732-63B0066DE87E}"
EndProject
Project("{8BC9CEB8-8B4A-11D0-8D11-00A0C91BC942}") = "UnitTestforStopwatch", "UnitTestforStopwatch\UnitTestforStopwatch.vcxproj", "{BC8986D9-85A3-4787-8014-9808B5604F9B}"
EndProject
Project("{8BC9CEB8-8B4A-11D0-8D11-00A0C91BC942}") = "UnitTestforRKF45", "UnitTestforRKF45\UnitTestforRKF45.vcxproj", "{9A5F3743-96F9-4F2A-81C1-327EF3B6B778}"
EndProject
Project("{8BC9CEB8-8B4A-11D0-8D11-00A0C91BC942}") = "UnitTestforFuncUtil", "UnitTestforFuncUtil\UnitTestforFuncUtil.vcxproj", "{DCC554C2-FA20-4F73-9951-526B98E95782}"
EndProject
Project("{8BC9CEB8-8B4A-11D0-8D11-00A0C91BC942}") = "UnitTestforAlgorithm", "UnitTestforAlgorithm\UnitTestforAlgorithm.vcxproj", "{E6D55EAB-E23D-4C17-BEF1-B1016A52D586}"
EndProject
Project("{8BC9CEB8-8B4A-11D0-8D11-00A0C91BC942}") = "UnitTestforDetectionToolkit", "UnitTestforDetectionToolkit\UnitTestforDetectionToolkit.vcxproj", "{8CBFB543-3497-4BE9-A3F2-05B277B260D3}"
EndProject
Project("{8BC9CEB8-8B4A-11D0-8D11-00A0C91BC942}") = "UnitTestforSentinelRanges", "UnitTestforSentinelRanges\UnitTestforSentinelRanges.vcxproj", "{5C131C57-62F1-4E7C-B466-2DB098000A1B}"
EndProject
Project("{8BC9CEB8-8B4A-11D0-8D11-00A0C91BC942}") = "UnitTestforUtility", "UnitTestforUtility\UnitTestforUtility.vcxproj", "{F62DADF6-2E28-4E77-9179-344EBE4A6ED9}"
EndProject
Global
	GlobalSection(SolutionConfigurationPlatforms) = preSolution
		Debug|x64 = Debug|x64
		Debug|x86 = Debug|x86
		Release|x64 = Release|x64
		Release|x86 = Release|x86
	EndGlobalSection
	GlobalSection(ProjectConfigurationPlatforms) = postSolution
		{843AE6D2-010E-4923-9309-FBF36B33E3D1}.Debug|x64.ActiveCfg = Debug|x64
		{843AE6D2-010E-4923-9309-FBF36B33E3D1}.Debug|x64.Build.0 = Debug|x64
		{843AE6D2-010E-4923-9309-FBF36B33E3D1}.Debug|x86.ActiveCfg = Debug|Win32
		{843AE6D2-010E-4923-9309-FBF36B33E3D1}.Debug|x86.Build.0 = Debug|Win32
		{843AE6D2-010E-4923-9309-FBF36B33E3D1}.Release|x64.ActiveCfg = Release|x64
		{843AE6D2-010E-4923-9309-FBF36B33E3D1}.Release|x64.Build.0 = Release|x64
		{843AE6D2-010E-4923-9309-FBF36B33E3D1}.Release|x86.ActiveCfg = Release|Win32
		{843AE6D2-010E-4923-9309-FBF36B33E3D1}.Release|x86.Build.0 = Release|Win32
		{8426B4A8-4991-4617-920D-26962004EC03}.Debug|x64.ActiveCfg = Debug|x64
		{8426B4A8-4991-4617-920D-26962004EC03}.Debug|x64.Build.0 = Debug|x64
		{8426B4A8-4991-4617-920D-26962004EC03}.Debug|x86.ActiveCfg = Debug|Win32
		{8426B4A8-4991-4617-920D-26962004EC03}.Debug|x86.Build.0 = Debug|Win32
		{8426B4A8-4991-4617-920D-26962004EC03}.Release|x64.ActiveCfg = Release|x64
		{8426B4A8-4991-4617-920D-26962004EC03}.Release|x64.Build.0 = Release|x64
		{8426B4A8-4991-4617-920D-26962004EC03}.Release|x86.ActiveCfg = Release|Win32
		{8426B4A8-4991-4617-920D-26962004EC03}.Release|x86.Build.0 = Release|Win32
		{A0237745-91FE-4A88-8998-77F719C256ED}.Debug|x64.ActiveCfg = Debug|x64
		{A0237745-91FE-4A88-8998-77F719C256ED}.Debug|x64.Build.0 = Debug|x64
		{A0237745-91FE-4A88-8998-77F719C256ED}.Debug|x86.ActiveCfg = Debug|Win32
		{A0237745-91FE-4A88-8998-77F719C256ED}.Debug|x86.Build.0 = Debug|Win32
		{A0237745-91FE-4A88-8998-77F719C256ED}.Release|x64.ActiveCfg = Release|x64
		{A0237745-91FE-4A88-8998-77F719C256ED}.Release|x64.Build.0 = Release|x64
		{A0237745-91FE-4A88-8998-77F719C256ED}.Release|x86.ActiveCfg = Release|Win32
		{A0237745-91FE-4A88-8998-77F719C256ED}.Release|x86.Build.0 = Release|Win32
		{E8748E8E-D96C-455A-BB74-9DFF9A727F76}.Debug|x64.ActiveCfg = Debug|x64
		{E8748E8E-D96C-455A-BB74-9DFF9A727F76}.Debug|x64.Build.0 = Debug|x64
		{E8748E8E-D96C-455A-BB74-9DFF9A727F76}.Debug|x86.ActiveCfg = Debug|Win32
		{E8748E8E-D96C-455A-BB74-9DFF9A727F76}.Debug|x86.Build.0 = Debug|Win32
		{E8748E8E-D96C-455A-BB74-9DFF9A727F76}.Release|x64.ActiveCfg = Release|x64
		{E8748E8E-D96C-455A-BB74-9DFF9A727F76}.Release|x64.Build.0 = Release|x64
		{E8748E8E-D96C-455A-BB74-9DFF9A727F76}.Release|x86.ActiveCfg = Release|Win32
		{E8748E8E-D96C-455A-BB74-9DFF9A727F76}.Release|x86.Build.0 = Release|Win32
		{DF3895BC-743D-45BF-B732-63B0066DE87E}.Debug|x64.ActiveCfg = Debug|x64
		{DF3895BC-743D-45BF-B732-63B0066DE87E}.Debug|x64.Build.0 = Debug|x64
		{DF3895BC-743D-45BF-B732-63B0066DE87E}.Debug|x86.ActiveCfg = Debug|Win32
		{DF3895BC-743D-45BF-B732-63B0066DE87E}.Debug|x86.Build.0 = Debug|Win32
		{DF3895BC-743D-45BF-B732-63B0066DE87E}.Release|x64.ActiveCfg = Release|x64
		{DF3895BC-743D-45BF-B732-63B0066DE87E}.Release|x64.Build.0 = Release|x64
		{DF3895BC-743D-45BF-B732-63B0066DE87E}.Release|x86.ActiveCfg = Release|Win32
		{DF3895BC-743D-45BF-B732-63B0066DE87E}.Release|x86.Build.0 = Release|Win32
		{BC8986D9-85A3-4787-8014-9808B5604F9B}.Debug|x64.ActiveCfg = Debug|x64
		{BC8986D9-85A3-4787-8014-9808B5604F9B}.Debug|x64.Build.0 = Debug|x64
		{BC8986D9-85A3-4787-8014-9808B5604F9B}.Debug|x86.ActiveCfg = Debug|Win32
		{BC8986D9-85A3-4787-8014-9808B5604F9B}.Debug|x86.Build.0 = Debug|Win32
		{BC8986D9-85A3-4787-8014-9808B5604F9B}.Release|x64.ActiveCfg = Release|x64
		{BC8986D9-85A3-4787-8014-9808B5604F9B}.Release|x64.Build.0 = Release|x64
		{BC8986D9-85A3-4787-8014-9808B5604F9B}.Release|x86.ActiveCfg = Release|Win32
		{BC8986D9-85A3-4787-8014-9808B5604F9B}.Release|x86.Build.0 = Release|Win32
		{9A5F3743-96F9-4F2A-81C1-327EF3B6B778}.Debug|x64.ActiveCfg = Debug|x64
		{9A5F3743-96F9-4F2A-81C1-327EF3B6B778}.Debug|x64.Build.0 = Debug|x64
		{9A5F3743-96F9-4F2A-81C1-327EF3B6B778}.Debug|x86.ActiveCfg = Debug|Win32
		{9A5F3743-96F9-4F2A-81C1-327EF3B6B778}.Debug|x86.Build.0 = Debug|Win32
		{9A5F3743-96F9-4F2A-81C1-327EF3B6B778}.Release|x64.ActiveCfg = Release|x64
		{9A5F3743-96F9-4F2A-81C1-327EF3B6B778}.Release|x64.Build.0 = Release|x64
		{9A5F3743-96F9-4F2A-81C1-327EF3B6B778}.Release|x86.ActiveCfg = Release|Win32
		{9A5F3743-96F9-4F2A-81C1-327EF3B6B778}.Release|x86.Build.0 = Release|Win32
		{DCC554C2-FA20-4F73-9951-526B98E95782}.Debug|x64.ActiveCfg = Debug|x64
		{DCC554C2-FA20-4F73-9951-526B98E95782}.Debug|x64.Build.0 = Debug|x64
		{DCC554C2-FA20-4F73-9951-526B98E95782}.Debug|x86.ActiveCfg = Debug|Win32
		{DCC554C2-FA20-4F73-9951-526B98E95782}.Debug|x86.Build.0 = Debug|Win32
		{DCC554C2-FA20-4F73-9951-526B98E95782}.Release|x64.ActiveCfg = Release|x64
		{DCC554C2-FA20-4F73-9951-526B98E95782}.Release|x64.Build.0 = Release|x64
		{DCC554C2-FA20-4F73-9951-526B98E95782}.Release|x86.ActiveCfg = Release|Win32
		{DCC554C2-FA20-4F73-9951-526B98E95782}.Release|x86.Build.0 = Release|Win32
		{E6D55EAB-E23D-4C17-BEF1-B1016A52D586}.Debug|x64.ActiveCfg = Debug|x64
		{E6D55EAB-E23D-4C17-BEF1-B1016A52D586}.Debug|x64.Build.0 = Debug|x64
		{E6D55EAB-E23D-4C17-BEF1-B1016A52D586}.Debug|x86.ActiveCfg = Debug|Win32
		{E6D55EAB-E23D-4C17-BEF1-B1016A52D586}.Debug|x86.Build.0 = Debug|Win32
		{E6D55EAB-E23D-4C17-BEF1-B1016A52D586}.Release|x64.ActiveCfg = Release|x64
		{E6D55EAB-E23D-4C17-BEF1-B1016A52D586}.Release|x64.Build.0 = Release|x64
		{E6D55EAB-E23D-4C17-BEF1-B1016A52D586}.Release|x86.ActiveCfg = Release|Win32
		{E6D55EAB-E23D-4C17-BEF1-B1016A52D586}.Release|x86.Build.0 = Release|Win32
		{8CBFB543-3497-4BE9-A3F2-05B277B260D3}.Debug|x64.ActiveCfg = Debug|x64
		{8CBFB543-3497-4BE9-A3F2-05B277B260D3}.Debug|x64.Build.0 = Debug|x64
		{8CBFB543-3497-4BE9-A3F2-05B277B260D3}.Debug|x86.ActiveCfg = Debug|Win32
		{8CBFB543-3497-4BE9-A3F2-05B277B260D3}.Debug|x86.Build.0 = Debug|Win32
		{8CBFB543-3497-4BE9-A3F2-05B277B260D3}.Release|x64.ActiveCfg = Release|x64
		{8CBFB543-3497-4BE9-A3F2-05B277B260D3}.Release|x64.Build.0 = Release|x64
		{8CBFB543-3497-4BE9-A3F2-05B277B260D3}.Release|x86.ActiveCfg = Release|Win32
		{8CBFB543-3497-4BE9-A3F2-05B277B260D3}.Release|x86.Build.0 = Release|Win32
		{5C131C57-62F1-4E7C-B466-2DB098000A1B}.Debug|x64.ActiveCfg = Debug|x64
		{5C131C57-62F1-4E7C-B466-2DB098000A1B}.Debug|x64.Build.0 = Debug|x64
		{5C131C57-62F1-4E7C-B466-2DB098000A1B}.Debug|x86.ActiveCfg = Debug|Win32
		{5C131C57-62F1-4E7C-B466-2DB098000A1B}.Debug|x86.Build.0 = Debug|Win32
		{5C131C57-62F1-4E7C-B466-2DB098000A1B}.Release|x64.ActiveCfg = Release|x64
		{5C131C57-62F1-4E7C-B466-2DB098000A1B}.Release|x64.Build.0 = Release|x64
		{5C131C57-62F1-4E7C-B466-2DB098000A1B}.Release|x86.ActiveCfg = Release|Win32
		{5C131C57-62F1-4E7C-B466-2DB098000A1B}.Release|x86.Build.0 = Release|Win32
		{F62DADF6-2E28-4E77-9179-344EBE4A6ED9}.Debug|x64.ActiveCfg = Debug|x64
		{F62DADF6-2E28-4E77-9179-344EBE4A6ED9}.Debug|x64.Build.0 = Debug|x64
		{F62DADF6-2E28-4E77-9179-344EBE4A6ED9}.Debug|x86.ActiveCfg = Debug|Win32
		{F62DADF6-2E28-4E77-9179-344EBE4A6ED9}.Debug|x86.Build.0 = Debug|Win32
		{F62DADF6-2E28-4E77-9179-344EBE4A6ED9}.Release|x64.ActiveCfg = Release|x64
		{F62DADF6-2E28-4E77-9179-344EBE4A6ED9}.Release|x64.Build.0 = Release|x64
		{F62DADF6-2E28-4E77-9179-344EBE4A6ED9}.Release|x86.ActiveCfg = Release|Win32
		{F62DADF6-2E28-4E77-9179-344EBE4A6ED9}.Release|x86.Build.0 = Release|Win32
	EndGlobalSection
	GlobalSection(SolutionProperties) = preSolution
		HideSolutionNode = FALSE
	EndGlobalSection
	GlobalSection(ExtensibilityGlobals) = postSolution
		SolutionGuid = {BBE516E3-39C9-421C-91B3-70465EA40473}
	EndGlobalSection
EndGlobal
